// !$*UTF8*$!
{
	archiveVersion = 1;
	classes = {
	};
	objectVersion = 51;
	objects = {

/* Begin PBXBuildFile section */
		4E057A2C24463ADF00B96E36 /* ManagerPogody.swift in Sources */ = {isa = PBXBuildFile; fileRef = 4E057A2B24463ADF00B96E36 /* ManagerPogody.swift */; };
		4E3A08DE244E11D2005905E2 /* LinkDoAPI.swift in Sources */ = {isa = PBXBuildFile; fileRef = 4E3A08DD244E11D2005905E2 /* LinkDoAPI.swift */; };
		4E73BD5B243E5E73007145DB /* ModelPogody.swift in Sources */ = {isa = PBXBuildFile; fileRef = 4E73BD5A243E5E73007145DB /* ModelPogody.swift */; };
		4EDEB637243D0DB800F9E8B9 /* AppDelegate.swift in Sources */ = {isa = PBXBuildFile; fileRef = 4EDEB636243D0DB800F9E8B9 /* AppDelegate.swift */; };
		4EDEB639243D0DB800F9E8B9 /* SceneDelegate.swift in Sources */ = {isa = PBXBuildFile; fileRef = 4EDEB638243D0DB800F9E8B9 /* SceneDelegate.swift */; };
		4EDEB63B243D0DB800F9E8B9 /* ViewController.swift in Sources */ = {isa = PBXBuildFile; fileRef = 4EDEB63A243D0DB800F9E8B9 /* ViewController.swift */; };
		4EDEB63E243D0DB800F9E8B9 /* Main.storyboard in Resources */ = {isa = PBXBuildFile; fileRef = 4EDEB63C243D0DB800F9E8B9 /* Main.storyboard */; };
		4EDEB640243D0DB900F9E8B9 /* Assets.xcassets in Resources */ = {isa = PBXBuildFile; fileRef = 4EDEB63F243D0DB900F9E8B9 /* Assets.xcassets */; };
		4EDEB643243D0DB900F9E8B9 /* LaunchScreen.storyboard in Resources */ = {isa = PBXBuildFile; fileRef = 4EDEB641243D0DB900F9E8B9 /* LaunchScreen.storyboard */; };
		848A1C632ED0C9EFB1172202 /* Pods_pogoda.framework in Frameworks */ = {isa = PBXBuildFile; fileRef = 1D90275089F4E88467D8A2BE /* Pods_pogoda.framework */; };
/* End PBXBuildFile section */

/* Begin PBXFileReference section */
		1D90275089F4E88467D8A2BE /* Pods_pogoda.framework */ = {isa = PBXFileReference; explicitFileType = wrapper.framework; includeInIndex = 0; path = Pods_pogoda.framework; sourceTree = BUILT_PRODUCTS_DIR; };
		4E057A2B24463ADF00B96E36 /* ManagerPogody.swift */ = {isa = PBXFileReference; lastKnownFileType = sourcecode.swift; path = ManagerPogody.swift; sourceTree = "<group>"; };
		4E3A08DD244E11D2005905E2 /* LinkDoAPI.swift */ = {isa = PBXFileReference; lastKnownFileType = sourcecode.swift; path = LinkDoAPI.swift; sourceTree = "<group>"; };
		4E73BD5A243E5E73007145DB /* ModelPogody.swift */ = {isa = PBXFileReference; lastKnownFileType = sourcecode.swift; path = ModelPogody.swift; sourceTree = "<group>"; };
		4EDEB633243D0DB800F9E8B9 /* pogoda.app */ = {isa = PBXFileReference; explicitFileType = wrapper.application; includeInIndex = 0; path = pogoda.app; sourceTree = BUILT_PRODUCTS_DIR; };
		4EDEB636243D0DB800F9E8B9 /* AppDelegate.swift */ = {isa = PBXFileReference; lastKnownFileType = sourcecode.swift; path = AppDelegate.swift; sourceTree = "<group>"; };
		4EDEB638243D0DB800F9E8B9 /* SceneDelegate.swift */ = {isa = PBXFileReference; lastKnownFileType = sourcecode.swift; path = SceneDelegate.swift; sourceTree = "<group>"; };
		4EDEB63A243D0DB800F9E8B9 /* ViewController.swift */ = {isa = PBXFileReference; lastKnownFileType = sourcecode.swift; path = ViewController.swift; sourceTree = "<group>"; };
		4EDEB63D243D0DB800F9E8B9 /* Base */ = {isa = PBXFileReference; lastKnownFileType = file.storyboard; name = Base; path = Base.lproj/Main.storyboard; sourceTree = "<group>"; };
		4EDEB63F243D0DB900F9E8B9 /* Assets.xcassets */ = {isa = PBXFileReference; lastKnownFileType = folder.assetcatalog; path = Assets.xcassets; sourceTree = "<group>"; };
		4EDEB642243D0DB900F9E8B9 /* Base */ = {isa = PBXFileReference; lastKnownFileType = file.storyboard; name = Base; path = Base.lproj/LaunchScreen.storyboard; sourceTree = "<group>"; };
		4EDEB644243D0DB900F9E8B9 /* Info.plist */ = {isa = PBXFileReference; lastKnownFileType = text.plist.xml; path = Info.plist; sourceTree = "<group>"; };
		D47D618F5B513A8E99785609 /* Pods-pogoda.release.xcconfig */ = {isa = PBXFileReference; includeInIndex = 1; lastKnownFileType = text.xcconfig; name = "Pods-pogoda.release.xcconfig"; path = "Target Support Files/Pods-pogoda/Pods-pogoda.release.xcconfig"; sourceTree = "<group>"; };
		DBC81EAEA87004D5A402B490 /* Pods-pogoda.debug.xcconfig */ = {isa = PBXFileReference; includeInIndex = 1; lastKnownFileType = text.xcconfig; name = "Pods-pogoda.debug.xcconfig"; path = "Target Support Files/Pods-pogoda/Pods-pogoda.debug.xcconfig"; sourceTree = "<group>"; };
/* End PBXFileReference section */

/* Begin PBXFrameworksBuildPhase section */
		4EDEB630243D0DB800F9E8B9 /* Frameworks */ = {
			isa = PBXFrameworksBuildPhase;
			buildActionMask = 2147483647;
			files = (
				848A1C632ED0C9EFB1172202 /* Pods_pogoda.framework in Frameworks */,
			);
			runOnlyForDeploymentPostprocessing = 0;
		};
/* End PBXFrameworksBuildPhase section */

/* Begin PBXGroup section */
		4E73BD55243E5C4C007145DB /* Controller */ = {
			isa = PBXGroup;
			children = (
				4EDEB63A243D0DB800F9E8B9 /* ViewController.swift */,
			);
			path = Controller;
			sourceTree = "<group>";
		};
		4E73BD56243E5C53007145DB /* View */ = {
			isa = PBXGroup;
			children = (
				4EDEB63C243D0DB800F9E8B9 /* Main.storyboard */,
			);
			path = View;
			sourceTree = "<group>";
		};
		4E73BD59243E5C70007145DB /* Model */ = {
			isa = PBXGroup;
			children = (
				4E73BD5A243E5E73007145DB /* ModelPogody.swift */,
				4E057A2B24463ADF00B96E36 /* ManagerPogody.swift */,
				4E3A08DD244E11D2005905E2 /* LinkDoAPI.swift */,
			);
			path = Model;
			sourceTree = "<group>";
		};
		4EDEB62A243D0DB800F9E8B9 = {
			isa = PBXGroup;
			children = (
				4EDEB635243D0DB800F9E8B9 /* pogoda */,
				4EDEB634243D0DB800F9E8B9 /* Products */,
				F5E5E94F6D71E58C91B989F0 /* Pods */,
				DA4DC0CE4329A984DC3E545C /* Frameworks */,
			);
			sourceTree = "<group>";
		};
		4EDEB634243D0DB800F9E8B9 /* Products */ = {
			isa = PBXGroup;
			children = (
				4EDEB633243D0DB800F9E8B9 /* pogoda.app */,
			);
			name = Products;
			sourceTree = "<group>";
		};
		4EDEB635243D0DB800F9E8B9 /* pogoda */ = {
			isa = PBXGroup;
			children = (
				4EDEB636243D0DB800F9E8B9 /* AppDelegate.swift */,
				4EDEB638243D0DB800F9E8B9 /* SceneDelegate.swift */,
				4E73BD59243E5C70007145DB /* Model */,
				4E73BD55243E5C4C007145DB /* Controller */,
				4E73BD56243E5C53007145DB /* View */,
				4EDEB63F243D0DB900F9E8B9 /* Assets.xcassets */,
				4EDEB641243D0DB900F9E8B9 /* LaunchScreen.storyboard */,
				4EDEB644243D0DB900F9E8B9 /* Info.plist */,
			);
			path = pogoda;
			sourceTree = "<group>";
		};
		DA4DC0CE4329A984DC3E545C /* Frameworks */ = {
			isa = PBXGroup;
			children = (
				1D90275089F4E88467D8A2BE /* Pods_pogoda.framework */,
			);
			name = Frameworks;
			sourceTree = "<group>";
		};
		F5E5E94F6D71E58C91B989F0 /* Pods */ = {
			isa = PBXGroup;
			children = (
				DBC81EAEA87004D5A402B490 /* Pods-pogoda.debug.xcconfig */,
				D47D618F5B513A8E99785609 /* Pods-pogoda.release.xcconfig */,
			);
			path = Pods;
			sourceTree = "<group>";
		};
/* End PBXGroup section */

/* Begin PBXNativeTarget section */
		4EDEB632243D0DB800F9E8B9 /* pogoda */ = {
			isa = PBXNativeTarget;
			buildConfigurationList = 4EDEB647243D0DB900F9E8B9 /* Build configuration list for PBXNativeTarget "pogoda" */;
			buildPhases = (
				C0BAFED46A57F1036BA8EFE1 /* [CP] Check Pods Manifest.lock */,
				4EDEB62F243D0DB800F9E8B9 /* Sources */,
				4EDEB630243D0DB800F9E8B9 /* Frameworks */,
				4EDEB631243D0DB800F9E8B9 /* Resources */,
				20C70F12E19EAD4EF07B9415 /* [CP] Embed Pods Frameworks */,
			);
			buildRules = (
			);
			dependencies = (
			);
			name = pogoda;
			productName = pogoda;
			productReference = 4EDEB633243D0DB800F9E8B9 /* pogoda.app */;
			productType = "com.apple.product-type.application";
		};
/* End PBXNativeTarget section */

/* Begin PBXProject section */
		4EDEB62B243D0DB800F9E8B9 /* Project object */ = {
			isa = PBXProject;
			attributes = {
				LastSwiftUpdateCheck = 1140;
				LastUpgradeCheck = 1140;
				ORGANIZATIONNAME = "Michał Massloch";
				TargetAttributes = {
					4EDEB632243D0DB800F9E8B9 = {
						CreatedOnToolsVersion = 11.4;
					};
				};
			};
			buildConfigurationList = 4EDEB62E243D0DB800F9E8B9 /* Build configuration list for PBXProject "pogoda" */;
			compatibilityVersion = "Xcode 9.3";
			developmentRegion = en;
			hasScannedForEncodings = 0;
			knownRegions = (
				en,
				Base,
			);
			mainGroup = 4EDEB62A243D0DB800F9E8B9;
			productRefGroup = 4EDEB634243D0DB800F9E8B9 /* Products */;
			projectDirPath = "";
			projectRoot = "";
			targets = (
				4EDEB632243D0DB800F9E8B9 /* pogoda */,
			);
		};
/* End PBXProject section */

/* Begin PBXResourcesBuildPhase section */
		4EDEB631243D0DB800F9E8B9 /* Resources */ = {
			isa = PBXResourcesBuildPhase;
			buildActionMask = 2147483647;
			files = (
				4EDEB643243D0DB900F9E8B9 /* LaunchScreen.storyboard in Resources */,
				4EDEB640243D0DB900F9E8B9 /* Assets.xcassets in Resources */,
				4EDEB63E243D0DB800F9E8B9 /* Main.storyboard in Resources */,
			);
			runOnlyForDeploymentPostprocessing = 0;
		};
/* End PBXResourcesBuildPhase section */

/* Begin PBXShellScriptBuildPhase section */
		20C70F12E19EAD4EF07B9415 /* [CP] Embed Pods Frameworks */ = {
			isa = PBXShellScriptBuildPhase;
			buildActionMask = 2147483647;
			files = (
			);
			inputFileListPaths = (
				"${PODS_ROOT}/Target Support Files/Pods-pogoda/Pods-pogoda-frameworks-${CONFIGURATION}-input-files.xcfilelist",
			);
			name = "[CP] Embed Pods Frameworks";
			outputFileListPaths = (
				"${PODS_ROOT}/Target Support Files/Pods-pogoda/Pods-pogoda-frameworks-${CONFIGURATION}-output-files.xcfilelist",
			);
			runOnlyForDeploymentPostprocessing = 0;
			shellPath = /bin/sh;
			shellScript = "\"${PODS_ROOT}/Target Support Files/Pods-pogoda/Pods-pogoda-frameworks.sh\"\n";
			showEnvVarsInLog = 0;
		};
		C0BAFED46A57F1036BA8EFE1 /* [CP] Check Pods Manifest.lock */ = {
			isa = PBXShellScriptBuildPhase;
			buildActionMask = 2147483647;
			files = (
			);
			inputFileListPaths = (
			);
			inputPaths = (
				"${PODS_PODFILE_DIR_PATH}/Podfile.lock",
				"${PODS_ROOT}/Manifest.lock",
			);
			name = "[CP] Check Pods Manifest.lock";
			outputFileListPaths = (
			);
			outputPaths = (
				"$(DERIVED_FILE_DIR)/Pods-pogoda-checkManifestLockResult.txt",
			);
			runOnlyForDeploymentPostprocessing = 0;
			shellPath = /bin/sh;
			shellScript = "diff \"${PODS_PODFILE_DIR_PATH}/Podfile.lock\" \"${PODS_ROOT}/Manifest.lock\" > /dev/null\nif [ $? != 0 ] ; then\n    # print error to STDERR\n    echo \"error: The sandbox is not in sync with the Podfile.lock. Run 'pod install' or update your CocoaPods installation.\" >&2\n    exit 1\nfi\n# This output is used by Xcode 'outputs' to avoid re-running this script phase.\necho \"SUCCESS\" > \"${SCRIPT_OUTPUT_FILE_0}\"\n";
			showEnvVarsInLog = 0;
		};
/* End PBXShellScriptBuildPhase section */

/* Begin PBXSourcesBuildPhase section */
		4EDEB62F243D0DB800F9E8B9 /* Sources */ = {
			isa = PBXSourcesBuildPhase;
			buildActionMask = 2147483647;
			files = (
				4EDEB63B243D0DB800F9E8B9 /* ViewController.swift in Sources */,
				4E3A08DE244E11D2005905E2 /* LinkDoAPI.swift in Sources */,
				4EDEB637243D0DB800F9E8B9 /* AppDelegate.swift in Sources */,
				4E057A2C24463ADF00B96E36 /* ManagerPogody.swift in Sources */,
				4EDEB639243D0DB800F9E8B9 /* SceneDelegate.swift in Sources */,
				4E73BD5B243E5E73007145DB /* ModelPogody.swift in Sources */,
			);
			runOnlyForDeploymentPostprocessing = 0;
		};
/* End PBXSourcesBuildPhase section */

/* Begin PBXVariantGroup section */
		4EDEB63C243D0DB800F9E8B9 /* Main.storyboard */ = {
			isa = PBXVariantGroup;
			children = (
				4EDEB63D243D0DB800F9E8B9 /* Base */,
			);
			name = Main.storyboard;
			sourceTree = "<group>";
		};
		4EDEB641243D0DB900F9E8B9 /* LaunchScreen.storyboard */ = {
			isa = PBXVariantGroup;
			children = (
				4EDEB642243D0DB900F9E8B9 /* Base */,
			);
			name = LaunchScreen.storyboard;
			sourceTree = "<group>";
		};
/* End PBXVariantGroup section */

/* Begin XCBuildConfiguration section */
		4EDEB645243D0DB900F9E8B9 /* Debug */ = {
			isa = XCBuildConfiguration;
			buildSettings = {
				ALWAYS_SEARCH_USER_PATHS = NO;
				CLANG_ANALYZER_NONNULL = YES;
				CLANG_ANALYZER_NUMBER_OBJECT_CONVERSION = YES_AGGRESSIVE;
				CLANG_CXX_LANGUAGE_STANDARD = "gnu++14";
				CLANG_CXX_LIBRARY = "libc++";
				CLANG_ENABLE_MODULES = YES;
				CLANG_ENABLE_OBJC_ARC = YES;
				CLANG_ENABLE_OBJC_WEAK = YES;
				CLANG_WARN_BLOCK_CAPTURE_AUTORELEASING = YES;
				CLANG_WARN_BOOL_CONVERSION = YES;
				CLANG_WARN_COMMA = YES;
				CLANG_WARN_CONSTANT_CONVERSION = YES;
				CLANG_WARN_DEPRECATED_OBJC_IMPLEMENTATIONS = YES;
				CLANG_WARN_DIRECT_OBJC_ISA_USAGE = YES_ERROR;
				CLANG_WARN_DOCUMENTATION_COMMENTS = YES;
				CLANG_WARN_EMPTY_BODY = YES;
				CLANG_WARN_ENUM_CONVERSION = YES;
				CLANG_WARN_INFINITE_RECURSION = YES;
				CLANG_WARN_INT_CONVERSION = YES;
				CLANG_WARN_NON_LITERAL_NULL_CONVERSION = YES;
				CLANG_WARN_OBJC_IMPLICIT_RETAIN_SELF = YES;
				CLANG_WARN_OBJC_LITERAL_CONVERSION = YES;
				CLANG_WARN_OBJC_ROOT_CLASS = YES_ERROR;
				CLANG_WARN_RANGE_LOOP_ANALYSIS = YES;
				CLANG_WARN_STRICT_PROTOTYPES = YES;
				CLANG_WARN_SUSPICIOUS_MOVE = YES;
				CLANG_WARN_UNGUARDED_AVAILABILITY = YES_AGGRESSIVE;
				CLANG_WARN_UNREACHABLE_CODE = YES;
				CLANG_WARN__DUPLICATE_METHOD_MATCH = YES;
				COPY_PHASE_STRIP = NO;
				DEBUG_INFORMATION_FORMAT = dwarf;
				ENABLE_STRICT_OBJC_MSGSEND = YES;
				ENABLE_TESTABILITY = YES;
				GCC_C_LANGUAGE_STANDARD = gnu11;
				GCC_DYNAMIC_NO_PIC = NO;
				GCC_NO_COMMON_BLOCKS = YES;
				GCC_OPTIMIZATION_LEVEL = 0;
				GCC_PREPROCESSOR_DEFINITIONS = (
					"DEBUG=1",
					"$(inherited)",
				);
				GCC_WARN_64_TO_32_BIT_CONVERSION = YES;
				GCC_WARN_ABOUT_RETURN_TYPE = YES_ERROR;
				GCC_WARN_UNDECLARED_SELECTOR = YES;
				GCC_WARN_UNINITIALIZED_AUTOS = YES_AGGRESSIVE;
				GCC_WARN_UNUSED_FUNCTION = YES;
				GCC_WARN_UNUSED_VARIABLE = YES;
				IPHONEOS_DEPLOYMENT_TARGET = 13.4;
				MTL_ENABLE_DEBUG_INFO = INCLUDE_SOURCE;
				MTL_FAST_MATH = YES;
				ONLY_ACTIVE_ARCH = YES;
				SDKROOT = iphoneos;
				SWIFT_ACTIVE_COMPILATION_CONDITIONS = DEBUG;
				SWIFT_OPTIMIZATION_LEVEL = "-Onone";
			};
			name = Debug;
		};
		4EDEB646243D0DB900F9E8B9 /* Release */ = {
			isa = XCBuildConfiguration;
			buildSettings = {
				ALWAYS_SEARCH_USER_PATHS = NO;
				CLANG_ANALYZER_NONNULL = YES;
				CLANG_ANALYZER_NUMBER_OBJECT_CONVERSION = YES_AGGRESSIVE;
				CLANG_CXX_LANGUAGE_STANDARD = "gnu++14";
				CLANG_CXX_LIBRARY = "libc++";
				CLANG_ENABLE_MODULES = YES;
				CLANG_ENABLE_OBJC_ARC = YES;
				CLANG_ENABLE_OBJC_WEAK = YES;
				CLANG_WARN_BLOCK_CAPTURE_AUTORELEASING = YES;
				CLANG_WARN_BOOL_CONVERSION = YES;
				CLANG_WARN_COMMA = YES;
				CLANG_WARN_CONSTANT_CONVERSION = YES;
				CLANG_WARN_DEPRECATED_OBJC_IMPLEMENTATIONS = YES;
				CLANG_WARN_DIRECT_OBJC_ISA_USAGE = YES_ERROR;
				CLANG_WARN_DOCUMENTATION_COMMENTS = YES;
				CLANG_WARN_EMPTY_BODY = YES;
				CLANG_WARN_ENUM_CONVERSION = YES;
				CLANG_WARN_INFINITE_RECURSION = YES;
				CLANG_WARN_INT_CONVERSION = YES;
				CLANG_WARN_NON_LITERAL_NULL_CONVERSION = YES;
				CLANG_WARN_OBJC_IMPLICIT_RETAIN_SELF = YES;
				CLANG_WARN_OBJC_LITERAL_CONVERSION = YES;
				CLANG_WARN_OBJC_ROOT_CLASS = YES_ERROR;
				CLANG_WARN_RANGE_LOOP_ANALYSIS = YES;
				CLANG_WARN_STRICT_PROTOTYPES = YES;
				CLANG_WARN_SUSPICIOUS_MOVE = YES;
				CLANG_WARN_UNGUARDED_AVAILABILITY = YES_AGGRESSIVE;
				CLANG_WARN_UNREACHABLE_CODE = YES;
				CLANG_WARN__DUPLICATE_METHOD_MATCH = YES;
				COPY_PHASE_STRIP = NO;
				DEBUG_INFORMATION_FORMAT = "dwarf-with-dsym";
				ENABLE_NS_ASSERTIONS = NO;
				ENABLE_STRICT_OBJC_MSGSEND = YES;
				GCC_C_LANGUAGE_STANDARD = gnu11;
				GCC_NO_COMMON_BLOCKS = YES;
				GCC_WARN_64_TO_32_BIT_CONVERSION = YES;
				GCC_WARN_ABOUT_RETURN_TYPE = YES_ERROR;
				GCC_WARN_UNDECLARED_SELECTOR = YES;
				GCC_WARN_UNINITIALIZED_AUTOS = YES_AGGRESSIVE;
				GCC_WARN_UNUSED_FUNCTION = YES;
				GCC_WARN_UNUSED_VARIABLE = YES;
				IPHONEOS_DEPLOYMENT_TARGET = 13.4;
				MTL_ENABLE_DEBUG_INFO = NO;
				MTL_FAST_MATH = YES;
				SDKROOT = iphoneos;
				SWIFT_COMPILATION_MODE = wholemodule;
				SWIFT_OPTIMIZATION_LEVEL = "-O";
				VALIDATE_PRODUCT = YES;
			};
			name = Release;
		};
		4EDEB648243D0DB900F9E8B9 /* Debug */ = {
			isa = XCBuildConfiguration;
			baseConfigurationReference = DBC81EAEA87004D5A402B490 /* Pods-pogoda.debug.xcconfig */;
			buildSettings = {
				ASSETCATALOG_COMPILER_APPICON_NAME = AppIcon;
				CODE_SIGN_STYLE = Automatic;
				DEVELOPMENT_TEAM = UA4CL74R46;
				INFOPLIST_FILE = pogoda/Info.plist;
				LD_RUNPATH_SEARCH_PATHS = (
					"$(inherited)",
					"@executable_path/Frameworks",
				);
				PRODUCT_BUNDLE_IDENTIFIER = myhau.pogoda;
				PRODUCT_NAME = "$(TARGET_NAME)";
				SWIFT_VERSION = 5.0;
				TARGETED_DEVICE_FAMILY = "1,2";
			};
			name = Debug;
		};
		4EDEB649243D0DB900F9E8B9 /* Release */ = {
			isa = XCBuildConfiguration;
			baseConfigurationReference = D47D618F5B513A8E99785609 /* Pods-pogoda.release.xcconfig */;
			buildSettings = {
				ASSETCATALOG_COMPILER_APPICON_NAME = AppIcon;
				CODE_SIGN_STYLE = Automatic;
				DEVELOPMENT_TEAM = UA4CL74R46;
				INFOPLIST_FILE = pogoda/Info.plist;
				LD_RUNPATH_SEARCH_PATHS = (
					"$(inherited)",
					"@executable_path/Frameworks",
				);
				PRODUCT_BUNDLE_IDENTIFIER = myhau.pogoda;
				PRODUCT_NAME = "$(TARGET_NAME)";
				SWIFT_VERSION = 5.0;
				TARGETED_DEVICE_FAMILY = "1,2";
			};
			name = Release;
		};
/* End XCBuildConfiguration section */

/* Begin XCConfigurationList section */
		4EDEB62E243D0DB800F9E8B9 /* Build configuration list for PBXProject "pogoda" */ = {
			isa = XCConfigurationList;
			buildConfigurations = (
				4EDEB645243D0DB900F9E8B9 /* Debug */,
				4EDEB646243D0DB900F9E8B9 /* Release */,
			);
			defaultConfigurationIsVisible = 0;
			defaultConfigurationName = Release;
		};
		4EDEB647243D0DB900F9E8B9 /* Build configuration list for PBXNativeTarget "pogoda" */ = {
			isa = XCConfigurationList;
			buildConfigurations = (
				4EDEB648243D0DB900F9E8B9 /* Debug */,
				4EDEB649243D0DB900F9E8B9 /* Release */,
			);
			defaultConfigurationIsVisible = 0;
			defaultConfigurationName = Release;
		};
/* End XCConfigurationList section */
	};
	rootObject = 4EDEB62B243D0DB800F9E8B9 /* Project object */;
}
